{
  "name": "zodiaccompanion",
  "version": "0.1.0",
  "lockfileVersion": 3,
  "requires": true,
  "packages": {
    "": {
      "name": "zodiaccompanion",
      "version": "0.1.0",
      "license": "MIT",
      "dependencies": {
        "celestialfinder": "^0.2.6"
      }
    },
    "node_modules/celestialfinder": {
      "version": "0.2.6",
      "resolved": "https://registry.npmjs.org/celestialfinder/-/celestialfinder-0.2.6.tgz",
      "integrity": "sha512-WZG2F9oPt2jLfr6RuHvNz1Py61XzCn89qGgbK8/IVip5UneupTa4CpZ4ICoPT4ryoviVBbHj3lI7CGFoqxDyiQ=="
    }
  }
}
