{
  "name": "zodiaccompanion",
  "version": "0.1.0",
  "lockfileVersion": 3,
  "requires": true,
  "packages": {
    "": {
      "name": "zodiaccompanion",
      "version": "0.1.0",
      "license": "MIT",
      "dependencies": {
        "celestialfinder": "^0.2.6"
      }
    },
    "node_modules/celestialfinder": {
      "version": "0.2.7",
      "resolved": "https://registry.npmjs.org/celestialfinder/-/celestialfinder-0.2.7.tgz",
      "integrity": "sha512-CiIfse7gPjVFshuiElvIwAmH3Y+urQLoPVihV19HzyX8y6R9IjZCQHL/dl506kJ1ewLc7cpin0qzWJfIWLmkfA=="
    }
  }
}
